
Microsoft Visual Studio Solution File, Format Version 12.00
# Visual Studio Version 17
VisualStudioVersion = 17.2.32519.379
MinimumVisualStudioVersion = 10.0.40219.1
Project("{FAE04EC0-301F-11D3-BF4B-00C04F79EFBC}") = "listaDeExercicios", "listaDeExercicios.csproj", "{7BE20907-7189-42EF-8547-A078C3B7BA80}"
EndProject
Global
	GlobalSection(SolutionConfigurationPlatforms) = preSolution
		Debug|Any CPU = Debug|Any CPU
		Release|Any CPU = Release|Any CPU
	EndGlobalSection
	GlobalSection(ProjectConfigurationPlatforms) = postSolution
		{7BE20907-7189-42EF-8547-A078C3B7BA80}.Debug|Any CPU.ActiveCfg = Debug|Any CPU
		{7BE20907-7189-42EF-8547-A078C3B7BA80}.Debug|Any CPU.Build.0 = Debug|Any CPU
		{7BE20907-7189-42EF-8547-A078C3B7BA80}.Release|Any CPU.ActiveCfg = Release|Any CPU
		{7BE20907-7189-42EF-8547-A078C3B7BA80}.Release|Any CPU.Build.0 = Release|Any CPU
	EndGlobalSection
	GlobalSection(SolutionProperties) = preSolution
		HideSolutionNode = FALSE
	EndGlobalSection
	GlobalSection(ExtensibilityGlobals) = postSolution
		SolutionGuid = {B3C17765-A06A-42DC-98A1-878383F414F4}
	EndGlobalSection
EndGlobal
